<?xml version="1.0" encoding="utf-8"?>
<Project ToolsVersion="4.0" xmlns="http://schemas.microsoft.com/developer/msbuild/2003">
  <ItemGroup>
    <Filter Include="Source Files">
      <UniqueIdentifier>{4FC737F1-C7A5-4376-A066-2A32D752A2FF}</UniqueIdentifier>
      <Extensions>cpp;c;cc;cxx;c++;cppm;ixx;def;odl;idl;hpj;bat;asm;asmx</Extensions>
    </Filter>
    <Filter Include="Header Files">
      <UniqueIdentifier>{93995380-89BD-4b04-88EB-625FBE52EBFB}</UniqueIdentifier>
      <Extensions>h;hh;hpp;hxx;h++;hm;inl;inc;ipp;xsd</Extensions>
    </Filter>
    <Filter Include="Resource Files">
      <UniqueIdentifier>{67DA6AB6-F800-4c08-8B7A-83BB121AAD01}</UniqueIdentifier>
      <Extensions>rc;ico;cur;bmp;dlg;rc2;rct;bin;rgs;gif;jpg;jpeg;jpe;resx;tiff;tif;png;wav;mfcribbon-ms</Extensions>
    </Filter>
    <Filter Include="Source Files\imgui">
      <UniqueIdentifier>{be3a8cdd-568a-4209-b2fa-8090d2cb4843}</UniqueIdentifier>
    </Filter>
    <Filter Include="Header Files\Light">
      <UniqueIdentifier>{a199123b-5f72-4110-8eae-fc55c77ad897}</UniqueIdentifier>
    </Filter>
    <Filter Include="Source Files\LIght">
      <UniqueIdentifier>{cdd9837d-943d-4fdb-8a12-4055f99e5f58}</UniqueIdentifier>
    </Filter>
    <Filter Include="Header Files\Renderer">
      <UniqueIdentifier>{787823ab-3ad9-49f2-9dde-11f242d17c3e}</UniqueIdentifier>
    </Filter>
    <Filter Include="Source Files\Renderer">
      <UniqueIdentifier>{a0e5673e-3cdd-49c8-8861-04b3b55f29ff}</UniqueIdentifier>
    </Filter>
    <Filter Include="Resource Files\images">
      <UniqueIdentifier>{bdc7de73-4303-49f9-be83-9353a8b6d888}</UniqueIdentifier>
    </Filter>
    <Filter Include="Resource Files\models">
      <UniqueIdentifier>{cac7a65d-4da7-474c-8108-48d0f986d0a8}</UniqueIdentifier>
    </Filter>
    <Filter Include="Resource Files\shaders">
      <UniqueIdentifier>{6da5a245-d9eb-44b4-9101-62faf912425e}</UniqueIdentifier>
    </Filter>
    <Filter Include="Header Files\Renderer\RenderPass">
      <UniqueIdentifier>{74a94421-dedb-4c0d-8d36-d6f9e0bdd41f}</UniqueIdentifier>
    </Filter>
    <Filter Include="Source Files\Renderer\RenderPass">
      <UniqueIdentifier>{e270c44d-7e1d-4472-b99d-90710ed35bfd}</UniqueIdentifier>
    </Filter>
  </ItemGroup>
  <ItemGroup>
    <ClCompile Include="source\Camera.cpp">
      <Filter>Source Files</Filter>
    </ClCompile>
    <ClCompile Include="source\Main.cpp">
      <Filter>Source Files</Filter>
    </ClCompile>
    <ClCompile Include="source\stb_image_wrap.cpp">
      <Filter>Source Files</Filter>
    </ClCompile>
    <ClCompile Include="libs\imgui\imgui_demo.cpp">
      <Filter>Source Files\imgui</Filter>
    </ClCompile>
    <ClCompile Include="libs\imgui\imgui_draw.cpp">
      <Filter>Source Files\imgui</Filter>
    </ClCompile>
    <ClCompile Include="libs\imgui\imgui_tables.cpp">
      <Filter>Source Files\imgui</Filter>
    </ClCompile>
    <ClCompile Include="libs\imgui\imgui_widgets.cpp">
      <Filter>Source Files\imgui</Filter>
    </ClCompile>
    <ClCompile Include="libs\imgui\imgui.cpp">
      <Filter>Source Files\imgui</Filter>
    </ClCompile>
    <ClCompile Include="libs\imgui\imgui_impl_glfw.cpp">
      <Filter>Source Files\imgui</Filter>
    </ClCompile>
    <ClCompile Include="libs\imgui\imgui_impl_opengl3.cpp">
      <Filter>Source Files\imgui</Filter>
    </ClCompile>
    <ClCompile Include="source\Light\Light.cpp">
      <Filter>Source Files\LIght</Filter>
    </ClCompile>
    <ClCompile Include="source\Light\PointLight.cpp">
      <Filter>Source Files\LIght</Filter>
    </ClCompile>
    <ClCompile Include="source\Light\SpotLight.cpp">
      <Filter>Source Files\LIght</Filter>
    </ClCompile>
    <ClCompile Include="source\Light\DirectionalLight.cpp">
      <Filter>Source Files\LIght</Filter>
    </ClCompile>
    <ClCompile Include="source\Renderer\Shader.cpp">
      <Filter>Source Files\Renderer</Filter>
    </ClCompile>
    <ClCompile Include="source\Renderer\Mesh.cpp">
      <Filter>Source Files\Renderer</Filter>
    </ClCompile>
    <ClCompile Include="source\Renderer\Model.cpp">
      <Filter>Source Files\Renderer</Filter>
    </ClCompile>
    <ClCompile Include="source\Renderer\Material.cpp">
      <Filter>Source Files\Renderer</Filter>
    </ClCompile>
    <ClCompile Include="source\Renderer\TextureManager.cpp">
      <Filter>Source Files\Renderer</Filter>
    </ClCompile>
    <ClCompile Include="source\Renderer\IBLMaterial.cpp">
      <Filter>Source Files\Renderer</Filter>
    </ClCompile>
    <ClCompile Include="source\Renderer\IBLBaker.cpp">
      <Filter>Source Files\Renderer</Filter>
    </ClCompile>
    <ClCompile Include="source\Renderer\ShadowMap.cpp">
      <Filter>Source Files\Renderer</Filter>
    </ClCompile>
    <ClCompile Include="source\Scene.cpp">
      <Filter>Source Files</Filter>
    </ClCompile>
    <ClCompile Include="source\Renderer\Renderer.cpp">
      <Filter>Source Files\Renderer</Filter>
    </ClCompile>
    <ClCompile Include="source\Piece.cpp">
      <Filter>Source Files</Filter>
    </ClCompile>
    <ClCompile Include="source\Renderer\RenderPrimitives.cpp">
      <Filter>Source Files\Renderer</Filter>
    </ClCompile>
    <ClCompile Include="source\glad.c">
      <Filter>Source Files\Renderer</Filter>
    </ClCompile>
    <ClCompile Include="source\Renderer\RenderPass\BloomPass.cpp">
      <Filter>Source Files\Renderer\RenderPass</Filter>
    </ClCompile>
    <ClCompile Include="source\Renderer\RenderPass\GeometryPass.cpp">
      <Filter>Source Files\Renderer\RenderPass</Filter>
    </ClCompile>
    <ClCompile Include="source\Renderer\RenderPass\LightingPass.cpp">
      <Filter>Source Files\Renderer\RenderPass</Filter>
    </ClCompile>
    <ClCompile Include="source\Renderer\RenderPass\RenderContext.cpp">
      <Filter>Source Files\Renderer\RenderPass</Filter>
    </ClCompile>
    <ClCompile Include="source\Renderer\RenderPass\RenderPass.cpp">
      <Filter>Source Files\Renderer\RenderPass</Filter>
    </ClCompile>
    <ClCompile Include="source\Renderer\RenderPass\ShadowPass.cpp">
      <Filter>Source Files\Renderer\RenderPass</Filter>
    </ClCompile>
    <ClCompile Include="source\Renderer\RenderPass\ToneMappingPass.cpp">
      <Filter>Source Files\Renderer\RenderPass</Filter>
    </ClCompile>
    <ClCompile Include="source\Renderer\Framebuffer.cpp">
      <Filter>Source Files\Renderer</Filter>
    </ClCompile>
    <ClCompile Include="source\Renderer\RenderPass\SkyboxPass.cpp">
      <Filter>Source Files\Renderer\RenderPass</Filter>
    </ClCompile>
    <ClCompile Include="source\Renderer\ShaderManager.cpp">
      <Filter>Source Files\Renderer</Filter>
    </ClCompile>
    <ClCompile Include="source\Renderer\Texture.cpp">
      <Filter>Source Files\Renderer</Filter>
    </ClCompile>
  </ItemGroup>
  <ItemGroup>
    <ClInclude Include="source\Camera.h">
      <Filter>Header Files</Filter>
    </ClInclude>
    <ClInclude Include="source\Light\Light.h">
      <Filter>Header Files\Light</Filter>
    </ClInclude>
    <ClInclude Include="source\Light\PointLight.h">
      <Filter>Header Files\Light</Filter>
    </ClInclude>
    <ClInclude Include="source\Light\SpotLight.h">
      <Filter>Header Files\Light</Filter>
    </ClInclude>
    <ClInclude Include="source\Light\DirectionalLight.h">
      <Filter>Header Files\Light</Filter>
    </ClInclude>
    <ClInclude Include="source\Renderer\Shader.h">
      <Filter>Header Files\Renderer</Filter>
    </ClInclude>
    <ClInclude Include="source\Renderer\Mesh.h">
      <Filter>Header Files\Renderer</Filter>
    </ClInclude>
    <ClInclude Include="source\Renderer\Model.h">
      <Filter>Header Files\Renderer</Filter>
    </ClInclude>
    <ClInclude Include="source\Renderer\Material.h">
      <Filter>Header Files\Renderer</Filter>
    </ClInclude>
    <ClInclude Include="source\Renderer\Texture.h">
      <Filter>Header Files\Renderer</Filter>
    </ClInclude>
    <ClInclude Include="source\Renderer\TextureManager.h">
      <Filter>Header Files\Renderer</Filter>
    </ClInclude>
    <ClInclude Include="source\Renderer\IBLMaterial.h">
      <Filter>Header Files\Renderer</Filter>
    </ClInclude>
    <ClInclude Include="source\Renderer\IBLBaker.h">
      <Filter>Header Files\Renderer</Filter>
    </ClInclude>
    <ClInclude Include="source\Renderer\ShadowMap.h">
      <Filter>Header Files\Renderer</Filter>
    </ClInclude>
    <ClInclude Include="source\Scene.h">
      <Filter>Header Files</Filter>
    </ClInclude>
    <ClInclude Include="source\Renderer\Renderer.h">
      <Filter>Header Files\Renderer</Filter>
    </ClInclude>
    <ClInclude Include="source\Piece.h">
      <Filter>Header Files</Filter>
    </ClInclude>
    <ClInclude Include="source\Renderer\RenderPrimitives.h">
      <Filter>Header Files\Renderer</Filter>
    </ClInclude>
    <ClInclude Include="source\Renderer\RenderPass\BloomPass.h">
      <Filter>Header Files\Renderer\RenderPass</Filter>
    </ClInclude>
    <ClInclude Include="source\Renderer\RenderPass\GeometryPass.h">
      <Filter>Header Files\Renderer\RenderPass</Filter>
    </ClInclude>
    <ClInclude Include="source\Renderer\RenderPass\LightingPass.h">
      <Filter>Header Files\Renderer\RenderPass</Filter>
    </ClInclude>
    <ClInclude Include="source\Renderer\RenderPass\RenderContext.h">
      <Filter>Header Files\Renderer\RenderPass</Filter>
    </ClInclude>
    <ClInclude Include="source\Renderer\RenderPass\RenderPass.h">
      <Filter>Header Files\Renderer\RenderPass</Filter>
    </ClInclude>
    <ClInclude Include="source\Renderer\RenderPass\ShadowPass.h">
      <Filter>Header Files\Renderer\RenderPass</Filter>
    </ClInclude>
    <ClInclude Include="source\Renderer\RenderPass\ToneMappingPass.h">
      <Filter>Header Files\Renderer\RenderPass</Filter>
    </ClInclude>
    <ClInclude Include="source\Renderer\Framebuffer.h">
      <Filter>Header Files\Renderer</Filter>
    </ClInclude>
    <ClInclude Include="source\Renderer\RenderPass\SkyboxPass.h">
      <Filter>Header Files\Renderer\RenderPass</Filter>
    </ClInclude>
    <ClInclude Include="source\Renderer\ShaderManager.h">
      <Filter>Header Files\Renderer</Filter>
    </ClInclude>
  </ItemGroup>
  <ItemGroup>
    <None Include="content\shaders\Cube.frag">
      <Filter>Resource Files\shaders</Filter>
    </None>
    <None Include="content\shaders\Cube.vert">
      <Filter>Resource Files\shaders</Filter>
    </None>
    <None Include="content\shaders\Light.frag">
      <Filter>Resource Files\shaders</Filter>
    </None>
    <None Include="content\shaders\Piece.vert">
      <Filter>Resource Files\shaders</Filter>
    </None>
    <None Include="content\shaders\Piece.frag">
      <Filter>Resource Files\shaders</Filter>
    </None>
    <None Include="content\models\ChessBoard.glb">
      <Filter>Resource Files\models</Filter>
    </None>
    <None Include="content\models\BlackQueen.glb">
      <Filter>Resource Files\models</Filter>
    </None>
    <None Include="content\shaders\EquirectangularToCubemap.frag">
      <Filter>Resource Files\shaders</Filter>
    </None>
    <None Include="content\shaders\Cubemap.vert">
      <Filter>Resource Files\shaders</Filter>
    </None>
    <None Include="content\shaders\SkyBox.frag">
      <Filter>Resource Files\shaders</Filter>
    </None>
    <None Include="content\shaders\SkyBox.vert">
      <Filter>Resource Files\shaders</Filter>
    </None>
    <None Include="content\shaders\IrradianceMap.frag">
      <Filter>Resource Files\shaders</Filter>
    </None>
    <None Include="content\shaders\PrefilterMap.frag">
      <Filter>Resource Files\shaders</Filter>
    </None>
    <None Include="content\shaders\BRDFLUT.frag">
      <Filter>Resource Files\shaders</Filter>
    </None>
    <None Include="content\shaders\BRDFLUT.vert">
      <Filter>Resource Files\shaders</Filter>
    </None>
    <None Include="content\models\WhiteRook.glb">
      <Filter>Resource Files\models</Filter>
    </None>
    <None Include="content\shaders\Light.vert">
      <Filter>Resource Files\shaders</Filter>
    </None>
    <None Include="content\shaders\SimpleDepth.frag">
      <Filter>Resource Files\shaders</Filter>
    </None>
    <None Include="content\shaders\SimpleDepth.vert">
      <Filter>Resource Files\shaders</Filter>
    </None>
    <None Include="content\shaders\DebugQuad.vert">
      <Filter>Resource Files\shaders</Filter>
    </None>
    <None Include="content\shaders\DebugQuad.frag">
      <Filter>Resource Files\shaders</Filter>
    </None>
    <None Include="content\shaders\GaussianBlur.frag">
      <Filter>Resource Files\shaders</Filter>
    </None>
    <None Include="content\shaders\FullscreenQuad.vert">
      <Filter>Resource Files\shaders</Filter>
    </None>
    <None Include="content\shaders\ToneMapping.frag">
      <Filter>Resource Files\shaders</Filter>
    </None>
  </ItemGroup>
  <ItemGroup>
    <Image Include="content\images\awesomeface.png">
      <Filter>Resource Files\images</Filter>
    </Image>
    <Image Include="content\images\container.jpg">
      <Filter>Resource Files\images</Filter>
    </Image>
    <Image Include="content\images\container2.png">
      <Filter>Resource Files\images</Filter>
    </Image>
    <Image Include="content\images\container2_specular.png">
      <Filter>Resource Files\images</Filter>
    </Image>
    <Image Include="content\images\lighting_maps_specular_color.png">
      <Filter>Resource Files\images</Filter>
    </Image>
    <Image Include="content\images\matrix.jpg">
      <Filter>Resource Files\images</Filter>
    </Image>
    <Image Include="content\images\ibl_hdr_radiance.png">
      <Filter>Resource Files\images</Filter>
    </Image>
  </ItemGroup>
</Project>